
Microsoft Visual Studio Solution File, Format Version 12.00
# Visual Studio Version 16
VisualStudioVersion = 16.0.30204.135
MinimumVisualStudioVersion = 10.0.40219.1
Project("{FAE04EC0-301F-11D3-BF4B-00C04F79EFBC}") = "KadastraalOnroerendeZaken.API", "KadastraalOnroerendeZaken.API\KadastraalOnroerendeZaken.API.csproj", "{BA802BAE-D32A-4D15-A26F-556FC45616C8}"
EndProject
Project("{FAE04EC0-301F-11D3-BF4B-00C04F79EFBC}") = "KadastraalOnroerendeZakenEvents.API", "KadastraalOnroerendeZakenEvents.API\KadastraalOnroerendeZakenEvents.API.csproj", "{CF41B119-A07E-47EA-B410-6C69E0DD7B03}"
EndProject
Project("{E53339B2-1760-4266-BCC7-CA923CBCF16C}") = "docker-compose", "docker-compose.dcproj", "{1BB642B0-70C4-4B29-9346-F090EC81CD73}"
EndProject
Global
	GlobalSection(SolutionConfigurationPlatforms) = preSolution
		Debug|Any CPU = Debug|Any CPU
		Release|Any CPU = Release|Any CPU
	EndGlobalSection
	GlobalSection(ProjectConfigurationPlatforms) = postSolution
		{BA802BAE-D32A-4D15-A26F-556FC45616C8}.Debug|Any CPU.ActiveCfg = Debug|Any CPU
		{BA802BAE-D32A-4D15-A26F-556FC45616C8}.Debug|Any CPU.Build.0 = Debug|Any CPU
		{BA802BAE-D32A-4D15-A26F-556FC45616C8}.Release|Any CPU.ActiveCfg = Release|Any CPU
		{BA802BAE-D32A-4D15-A26F-556FC45616C8}.Release|Any CPU.Build.0 = Release|Any CPU
		{CF41B119-A07E-47EA-B410-6C69E0DD7B03}.Debug|Any CPU.ActiveCfg = Debug|Any CPU
		{CF41B119-A07E-47EA-B410-6C69E0DD7B03}.Debug|Any CPU.Build.0 = Debug|Any CPU
		{CF41B119-A07E-47EA-B410-6C69E0DD7B03}.Release|Any CPU.ActiveCfg = Release|Any CPU
		{CF41B119-A07E-47EA-B410-6C69E0DD7B03}.Release|Any CPU.Build.0 = Release|Any CPU
		{1BB642B0-70C4-4B29-9346-F090EC81CD73}.Debug|Any CPU.ActiveCfg = Debug|Any CPU
		{1BB642B0-70C4-4B29-9346-F090EC81CD73}.Debug|Any CPU.Build.0 = Debug|Any CPU
		{1BB642B0-70C4-4B29-9346-F090EC81CD73}.Release|Any CPU.ActiveCfg = Release|Any CPU
		{1BB642B0-70C4-4B29-9346-F090EC81CD73}.Release|Any CPU.Build.0 = Release|Any CPU
	EndGlobalSection
	GlobalSection(SolutionProperties) = preSolution
		HideSolutionNode = FALSE
	EndGlobalSection
	GlobalSection(ExtensibilityGlobals) = postSolution
		SolutionGuid = {91EBA14C-B69A-48FB-AEE3-FFC2E377335B}
	EndGlobalSection
EndGlobal
